
Microsoft Visual Studio Solution File, Format Version 12.00
# Visual Studio Version 17
VisualStudioVersion = 17.6.33829.357
MinimumVisualStudioVersion = 10.0.40219.1
Project("{FAE04EC0-301F-11D3-BF4B-00C04F79EFBC}") = "10 HomeWork", "10 HomeWork\10 HomeWork.csproj", "{21F5276E-0541-4D32-BA42-EFDDAD2D3E84}"
EndProject
Project("{FAE04EC0-301F-11D3-BF4B-00C04F79EFBC}") = "10.1 HomeWork", "10.1 HomeWork\10.1 HomeWork.csproj", "{259A8C5E-4E6F-4CEE-AB8B-EDA8A597211E}"
EndProject
Project("{FAE04EC0-301F-11D3-BF4B-00C04F79EFBC}") = "10.2 HomeWork", "10.2 HomeWork\10.2 HomeWork.csproj", "{522A8586-6ED4-4EDF-B66D-5B53BD7D811F}"
EndProject
Project("{FAE04EC0-301F-11D3-BF4B-00C04F79EFBC}") = "10.3 HomeWork", "10.3 HomeWork\10.3 HomeWork.csproj", "{EADCC6C0-7556-400A-A9F4-FAB6BE1D8A13}"
EndProject
Project("{FAE04EC0-301F-11D3-BF4B-00C04F79EFBC}") = "10.4 HomeWork", "10.4 HomeWork\10.4 HomeWork.csproj", "{BFB0C4D5-3E02-4760-B1F9-19AF6ACD9C23}"
EndProject
Global
	GlobalSection(SolutionConfigurationPlatforms) = preSolution
		Debug|Any CPU = Debug|Any CPU
		Release|Any CPU = Release|Any CPU
	EndGlobalSection
	GlobalSection(ProjectConfigurationPlatforms) = postSolution
		{21F5276E-0541-4D32-BA42-EFDDAD2D3E84}.Debug|Any CPU.ActiveCfg = Debug|Any CPU
		{21F5276E-0541-4D32-BA42-EFDDAD2D3E84}.Debug|Any CPU.Build.0 = Debug|Any CPU
		{21F5276E-0541-4D32-BA42-EFDDAD2D3E84}.Release|Any CPU.ActiveCfg = Release|Any CPU
		{21F5276E-0541-4D32-BA42-EFDDAD2D3E84}.Release|Any CPU.Build.0 = Release|Any CPU
		{259A8C5E-4E6F-4CEE-AB8B-EDA8A597211E}.Debug|Any CPU.ActiveCfg = Debug|Any CPU
		{259A8C5E-4E6F-4CEE-AB8B-EDA8A597211E}.Debug|Any CPU.Build.0 = Debug|Any CPU
		{259A8C5E-4E6F-4CEE-AB8B-EDA8A597211E}.Release|Any CPU.ActiveCfg = Release|Any CPU
		{259A8C5E-4E6F-4CEE-AB8B-EDA8A597211E}.Release|Any CPU.Build.0 = Release|Any CPU
		{522A8586-6ED4-4EDF-B66D-5B53BD7D811F}.Debug|Any CPU.ActiveCfg = Debug|Any CPU
		{522A8586-6ED4-4EDF-B66D-5B53BD7D811F}.Debug|Any CPU.Build.0 = Debug|Any CPU
		{522A8586-6ED4-4EDF-B66D-5B53BD7D811F}.Release|Any CPU.ActiveCfg = Release|Any CPU
		{522A8586-6ED4-4EDF-B66D-5B53BD7D811F}.Release|Any CPU.Build.0 = Release|Any CPU
		{EADCC6C0-7556-400A-A9F4-FAB6BE1D8A13}.Debug|Any CPU.ActiveCfg = Debug|Any CPU
		{EADCC6C0-7556-400A-A9F4-FAB6BE1D8A13}.Debug|Any CPU.Build.0 = Debug|Any CPU
		{EADCC6C0-7556-400A-A9F4-FAB6BE1D8A13}.Release|Any CPU.ActiveCfg = Release|Any CPU
		{EADCC6C0-7556-400A-A9F4-FAB6BE1D8A13}.Release|Any CPU.Build.0 = Release|Any CPU
		{BFB0C4D5-3E02-4760-B1F9-19AF6ACD9C23}.Debug|Any CPU.ActiveCfg = Debug|Any CPU
		{BFB0C4D5-3E02-4760-B1F9-19AF6ACD9C23}.Debug|Any CPU.Build.0 = Debug|Any CPU
		{BFB0C4D5-3E02-4760-B1F9-19AF6ACD9C23}.Release|Any CPU.ActiveCfg = Release|Any CPU
		{BFB0C4D5-3E02-4760-B1F9-19AF6ACD9C23}.Release|Any CPU.Build.0 = Release|Any CPU
	EndGlobalSection
	GlobalSection(SolutionProperties) = preSolution
		HideSolutionNode = FALSE
	EndGlobalSection
	GlobalSection(ExtensibilityGlobals) = postSolution
		SolutionGuid = {3025AA3C-3270-425C-8E80-21D799982AF1}
	EndGlobalSection
EndGlobal
