
Microsoft Visual Studio Solution File, Format Version 12.00
# Visual Studio Version 17
VisualStudioVersion = 17.6.33829.357
MinimumVisualStudioVersion = 10.0.40219.1
Project("{FAE04EC0-301F-11D3-BF4B-00C04F79EFBC}") = "6 HomeWork", "6 HomeWork\6 HomeWork.csproj", "{A0E6DED8-C21E-483F-AC2E-65F746C7755B}"
EndProject
Global
	GlobalSection(SolutionConfigurationPlatforms) = preSolution
		Debug|Any CPU = Debug|Any CPU
		Release|Any CPU = Release|Any CPU
	EndGlobalSection
	GlobalSection(ProjectConfigurationPlatforms) = postSolution
		{A0E6DED8-C21E-483F-AC2E-65F746C7755B}.Debug|Any CPU.ActiveCfg = Debug|Any CPU
		{A0E6DED8-C21E-483F-AC2E-65F746C7755B}.Debug|Any CPU.Build.0 = Debug|Any CPU
		{A0E6DED8-C21E-483F-AC2E-65F746C7755B}.Release|Any CPU.ActiveCfg = Release|Any CPU
		{A0E6DED8-C21E-483F-AC2E-65F746C7755B}.Release|Any CPU.Build.0 = Release|Any CPU
	EndGlobalSection
	GlobalSection(SolutionProperties) = preSolution
		HideSolutionNode = FALSE
	EndGlobalSection
	GlobalSection(ExtensibilityGlobals) = postSolution
		SolutionGuid = {3CCF0C6F-6B11-4A29-8F0A-B1D84D0C59F3}
	EndGlobalSection
EndGlobal
