
Microsoft Visual Studio Solution File, Format Version 12.00
# Visual Studio Version 17
VisualStudioVersion = 17.6.33829.357
MinimumVisualStudioVersion = 10.0.40219.1
Project("{FAE04EC0-301F-11D3-BF4B-00C04F79EFBC}") = "HomeWork3", "HomeWork3\HomeWork3.csproj", "{36DF30B1-B7CF-4DCF-B3FC-B2F86101C5DC}"
EndProject
Project("{FAE04EC0-301F-11D3-BF4B-00C04F79EFBC}") = "HomeWork3#2", "HomeWork3#2\HomeWork3#2.csproj", "{444D31B3-76CE-4995-9414-4ECC3A82BC09}"
EndProject
Global
	GlobalSection(SolutionConfigurationPlatforms) = preSolution
		Debug|Any CPU = Debug|Any CPU
		Release|Any CPU = Release|Any CPU
	EndGlobalSection
	GlobalSection(ProjectConfigurationPlatforms) = postSolution
		{36DF30B1-B7CF-4DCF-B3FC-B2F86101C5DC}.Debug|Any CPU.ActiveCfg = Debug|Any CPU
		{36DF30B1-B7CF-4DCF-B3FC-B2F86101C5DC}.Debug|Any CPU.Build.0 = Debug|Any CPU
		{36DF30B1-B7CF-4DCF-B3FC-B2F86101C5DC}.Release|Any CPU.ActiveCfg = Release|Any CPU
		{36DF30B1-B7CF-4DCF-B3FC-B2F86101C5DC}.Release|Any CPU.Build.0 = Release|Any CPU
		{444D31B3-76CE-4995-9414-4ECC3A82BC09}.Debug|Any CPU.ActiveCfg = Debug|Any CPU
		{444D31B3-76CE-4995-9414-4ECC3A82BC09}.Debug|Any CPU.Build.0 = Debug|Any CPU
		{444D31B3-76CE-4995-9414-4ECC3A82BC09}.Release|Any CPU.ActiveCfg = Release|Any CPU
		{444D31B3-76CE-4995-9414-4ECC3A82BC09}.Release|Any CPU.Build.0 = Release|Any CPU
	EndGlobalSection
	GlobalSection(SolutionProperties) = preSolution
		HideSolutionNode = FALSE
	EndGlobalSection
	GlobalSection(ExtensibilityGlobals) = postSolution
		SolutionGuid = {FAE8F60B-6A27-4E19-99EA-E5B5A0C554CB}
	EndGlobalSection
EndGlobal
