
Microsoft Visual Studio Solution File, Format Version 12.00
# Visual Studio Version 17
VisualStudioVersion = 17.6.33829.357
MinimumVisualStudioVersion = 10.0.40219.1
Project("{FAE04EC0-301F-11D3-BF4B-00C04F79EFBC}") = "Nulleble", "Nulleble\Nulleble.csproj", "{0F8A0945-4CF7-495E-94BD-F93F11CBA56C}"
EndProject
Global
	GlobalSection(SolutionConfigurationPlatforms) = preSolution
		Debug|Any CPU = Debug|Any CPU
		Release|Any CPU = Release|Any CPU
	EndGlobalSection
	GlobalSection(ProjectConfigurationPlatforms) = postSolution
		{0F8A0945-4CF7-495E-94BD-F93F11CBA56C}.Debug|Any CPU.ActiveCfg = Debug|Any CPU
		{0F8A0945-4CF7-495E-94BD-F93F11CBA56C}.Debug|Any CPU.Build.0 = Debug|Any CPU
		{0F8A0945-4CF7-495E-94BD-F93F11CBA56C}.Release|Any CPU.ActiveCfg = Release|Any CPU
		{0F8A0945-4CF7-495E-94BD-F93F11CBA56C}.Release|Any CPU.Build.0 = Release|Any CPU
	EndGlobalSection
	GlobalSection(SolutionProperties) = preSolution
		HideSolutionNode = FALSE
	EndGlobalSection
	GlobalSection(ExtensibilityGlobals) = postSolution
		SolutionGuid = {AD6A69F3-EAEC-4952-834C-35ECA1B7FC29}
	EndGlobalSection
EndGlobal
